
Microsoft Visual Studio Solution File, Format Version 12.00
# Visual Studio Version 17
VisualStudioVersion = 17.3.32929.385
MinimumVisualStudioVersion = 10.0.40219.1
Project("{FAE04EC0-301F-11D3-BF4B-00C04F79EFBC}") = "ToDoList", "ToDoList\ToDoList.csproj", "{9287860B-60DF-4CB2-A1B5-A9A0551E53A0}"
EndProject
Global
	GlobalSection(SolutionConfigurationPlatforms) = preSolution
		Debug|Any CPU = Debug|Any CPU
		Release|Any CPU = Release|Any CPU
	EndGlobalSection
	GlobalSection(ProjectConfigurationPlatforms) = postSolution
		{9287860B-60DF-4CB2-A1B5-A9A0551E53A0}.Debug|Any CPU.ActiveCfg = Debug|Any CPU
		{9287860B-60DF-4CB2-A1B5-A9A0551E53A0}.Debug|Any CPU.Build.0 = Debug|Any CPU
		{9287860B-60DF-4CB2-A1B5-A9A0551E53A0}.Release|Any CPU.ActiveCfg = Release|Any CPU
		{9287860B-60DF-4CB2-A1B5-A9A0551E53A0}.Release|Any CPU.Build.0 = Release|Any CPU
	EndGlobalSection
	GlobalSection(SolutionProperties) = preSolution
		HideSolutionNode = FALSE
	EndGlobalSection
	GlobalSection(ExtensibilityGlobals) = postSolution
		SolutionGuid = {82EBCA39-E44E-4C9E-8AEF-AC5853A151C6}
	EndGlobalSection
EndGlobal
